
Microsoft Visual Studio Solution File, Format Version 12.00
# Visual Studio Version 16
VisualStudioVersion = 16.0.29728.190
MinimumVisualStudioVersion = 10.0.40219.1
Project("{FAE04EC0-301F-11D3-BF4B-00C04F79EFBC}") = "FlexGains", "FlexGains\FlexGains.csproj", "{0257DD83-4900-4FC9-AFA3-CFCE4C298D94}"
EndProject
Global
	GlobalSection(SolutionConfigurationPlatforms) = preSolution
		Debug|Any CPU = Debug|Any CPU
		Release|Any CPU = Release|Any CPU
	EndGlobalSection
	GlobalSection(ProjectConfigurationPlatforms) = postSolution
		{0257DD83-4900-4FC9-AFA3-CFCE4C298D94}.Debug|Any CPU.ActiveCfg = Debug|Any CPU
		{0257DD83-4900-4FC9-AFA3-CFCE4C298D94}.Debug|Any CPU.Build.0 = Debug|Any CPU
		{0257DD83-4900-4FC9-AFA3-CFCE4C298D94}.Release|Any CPU.ActiveCfg = Release|Any CPU
		{0257DD83-4900-4FC9-AFA3-CFCE4C298D94}.Release|Any CPU.Build.0 = Release|Any CPU
	EndGlobalSection
	GlobalSection(SolutionProperties) = preSolution
		HideSolutionNode = FALSE
	EndGlobalSection
	GlobalSection(ExtensibilityGlobals) = postSolution
		SolutionGuid = {1F1565D8-1067-4702-85A1-16594BB343FD}
	EndGlobalSection
EndGlobal
